// !$*UTF8*$!
{
	archiveVersion = 1;
	classes = {
	};
	objectVersion = 55;
	objects = {

/* Begin PBXBuildFile section */
		6745950F2756B1C600FD9F88 /* HomeKit.framework in Frameworks */ = {isa = PBXBuildFile; fileRef = 6745950E2756B1C500FD9F88 /* HomeKit.framework */; };
		677FCDF52755BB3000EA7923 /* sqlcutsApp.swift in Sources */ = {isa = PBXBuildFile; fileRef = 677FCDF42755BB3000EA7923 /* sqlcutsApp.swift */; };
		677FCDF72755BB3000EA7923 /* ContentView.swift in Sources */ = {isa = PBXBuildFile; fileRef = 677FCDF62755BB3000EA7923 /* ContentView.swift */; };
		677FCDF92755BB3100EA7923 /* Assets.xcassets in Resources */ = {isa = PBXBuildFile; fileRef = 677FCDF82755BB3100EA7923 /* Assets.xcassets */; };
		677FCDFC2755BB3100EA7923 /* Preview Assets.xcassets in Resources */ = {isa = PBXBuildFile; fileRef = 677FCDFB2755BB3100EA7923 /* Preview Assets.xcassets */; };
		677FCE032755BB5D00EA7923 /* Intents.intentdefinition in Sources */ = {isa = PBXBuildFile; fileRef = 677FCE022755BB5D00EA7923 /* Intents.intentdefinition */; };
		F138D109F67DDD0CEA1B3FA3 /* Pods_sqlcuts.framework in Frameworks */ = {isa = PBXBuildFile; fileRef = A6428A552C2C98BF5411CC96 /* Pods_sqlcuts.framework */; };
/* End PBXBuildFile section */

/* Begin PBXFileReference section */
		29C09A6CB8DA11A43DD6D90B /* Pods-sqlcuts.debug.xcconfig */ = {isa = PBXFileReference; includeInIndex = 1; lastKnownFileType = text.xcconfig; name = "Pods-sqlcuts.debug.xcconfig"; path = "Target Support Files/Pods-sqlcuts/Pods-sqlcuts.debug.xcconfig"; sourceTree = "<group>"; };
		6745950D2756B1C500FD9F88 /* sqlcuts.entitlements */ = {isa = PBXFileReference; lastKnownFileType = text.plist.entitlements; path = sqlcuts.entitlements; sourceTree = "<group>"; };
		6745950E2756B1C500FD9F88 /* HomeKit.framework */ = {isa = PBXFileReference; lastKnownFileType = wrapper.framework; name = HomeKit.framework; path = System/Library/Frameworks/HomeKit.framework; sourceTree = SDKROOT; };
		674595102756B27700FD9F88 /* CloudKit.framework */ = {isa = PBXFileReference; lastKnownFileType = wrapper.framework; name = CloudKit.framework; path = System/Library/Frameworks/CloudKit.framework; sourceTree = SDKROOT; };
		677FCDF12755BB3000EA7923 /* sqlcuts.app */ = {isa = PBXFileReference; explicitFileType = wrapper.application; includeInIndex = 0; path = sqlcuts.app; sourceTree = BUILT_PRODUCTS_DIR; };
		677FCDF42755BB3000EA7923 /* sqlcutsApp.swift */ = {isa = PBXFileReference; lastKnownFileType = sourcecode.swift; path = sqlcutsApp.swift; sourceTree = "<group>"; };
		677FCDF62755BB3000EA7923 /* ContentView.swift */ = {isa = PBXFileReference; lastKnownFileType = sourcecode.swift; path = ContentView.swift; sourceTree = "<group>"; };
		677FCDF82755BB3100EA7923 /* Assets.xcassets */ = {isa = PBXFileReference; lastKnownFileType = folder.assetcatalog; path = Assets.xcassets; sourceTree = "<group>"; };
		677FCDFB2755BB3100EA7923 /* Preview Assets.xcassets */ = {isa = PBXFileReference; lastKnownFileType = folder.assetcatalog; path = "Preview Assets.xcassets"; sourceTree = "<group>"; };
		677FCE022755BB5D00EA7923 /* Intents.intentdefinition */ = {isa = PBXFileReference; lastKnownFileType = file.intentdefinition; path = Intents.intentdefinition; sourceTree = "<group>"; };
		677FCE042755BBC800EA7923 /* Info.plist */ = {isa = PBXFileReference; lastKnownFileType = text.plist; path = Info.plist; sourceTree = "<group>"; };
		7CBFD5F5AB488EB46E5F7D3E /* Pods-sqlcuts.release.xcconfig */ = {isa = PBXFileReference; includeInIndex = 1; lastKnownFileType = text.xcconfig; name = "Pods-sqlcuts.release.xcconfig"; path = "Target Support Files/Pods-sqlcuts/Pods-sqlcuts.release.xcconfig"; sourceTree = "<group>"; };
		A6428A552C2C98BF5411CC96 /* Pods_sqlcuts.framework */ = {isa = PBXFileReference; explicitFileType = wrapper.framework; includeInIndex = 0; path = Pods_sqlcuts.framework; sourceTree = BUILT_PRODUCTS_DIR; };
/* End PBXFileReference section */

/* Begin PBXFrameworksBuildPhase section */
		677FCDEE2755BB3000EA7923 /* Frameworks */ = {
			isa = PBXFrameworksBuildPhase;
			buildActionMask = 2147483647;
			files = (
				6745950F2756B1C600FD9F88 /* HomeKit.framework in Frameworks */,
				F138D109F67DDD0CEA1B3FA3 /* Pods_sqlcuts.framework in Frameworks */,
			);
			runOnlyForDeploymentPostprocessing = 0;
		};
/* End PBXFrameworksBuildPhase section */

/* Begin PBXGroup section */
		497183103D84CF166C9418D6 /* Frameworks */ = {
			isa = PBXGroup;
			children = (
				674595102756B27700FD9F88 /* CloudKit.framework */,
				6745950E2756B1C500FD9F88 /* HomeKit.framework */,
				A6428A552C2C98BF5411CC96 /* Pods_sqlcuts.framework */,
			);
			name = Frameworks;
			sourceTree = "<group>";
		};
		570C389E67B58BE8CB707AB3 /* Pods */ = {
			isa = PBXGroup;
			children = (
				29C09A6CB8DA11A43DD6D90B /* Pods-sqlcuts.debug.xcconfig */,
				7CBFD5F5AB488EB46E5F7D3E /* Pods-sqlcuts.release.xcconfig */,
			);
			path = Pods;
			sourceTree = "<group>";
		};
		677FCDE82755BB3000EA7923 = {
			isa = PBXGroup;
			children = (
				677FCDF32755BB3000EA7923 /* sqlcuts */,
				677FCDF22755BB3000EA7923 /* Products */,
				570C389E67B58BE8CB707AB3 /* Pods */,
				497183103D84CF166C9418D6 /* Frameworks */,
			);
			sourceTree = "<group>";
		};
		677FCDF22755BB3000EA7923 /* Products */ = {
			isa = PBXGroup;
			children = (
				677FCDF12755BB3000EA7923 /* sqlcuts.app */,
			);
			name = Products;
			sourceTree = "<group>";
		};
		677FCDF32755BB3000EA7923 /* sqlcuts */ = {
			isa = PBXGroup;
			children = (
				6745950D2756B1C500FD9F88 /* sqlcuts.entitlements */,
				677FCE042755BBC800EA7923 /* Info.plist */,
				677FCDF42755BB3000EA7923 /* sqlcutsApp.swift */,
				677FCE022755BB5D00EA7923 /* Intents.intentdefinition */,
				677FCDF62755BB3000EA7923 /* ContentView.swift */,
				677FCDF82755BB3100EA7923 /* Assets.xcassets */,
				677FCDFA2755BB3100EA7923 /* Preview Content */,
			);
			path = sqlcuts;
			sourceTree = "<group>";
		};
		677FCDFA2755BB3100EA7923 /* Preview Content */ = {
			isa = PBXGroup;
			children = (
				677FCDFB2755BB3100EA7923 /* Preview Assets.xcassets */,
			);
			path = "Preview Content";
			sourceTree = "<group>";
		};
/* End PBXGroup section */

/* Begin PBXNativeTarget section */
		677FCDF02755BB3000EA7923 /* sqlcuts */ = {
			isa = PBXNativeTarget;
			buildConfigurationList = 677FCDFF2755BB3100EA7923 /* Build configuration list for PBXNativeTarget "sqlcuts" */;
			buildPhases = (
				DE4AAA1D3C6C26B0D029E4C6 /* [CP] Check Pods Manifest.lock */,
				677FCDED2755BB3000EA7923 /* Sources */,
				677FCDEE2755BB3000EA7923 /* Frameworks */,
				677FCDEF2755BB3000EA7923 /* Resources */,
				6A433E372A58C56D0EF5C0D5 /* [CP] Embed Pods Frameworks */,
			);
			buildRules = (
			);
			dependencies = (
			);
			name = sqlcuts;
			productName = sqlcuts;
			productReference = 677FCDF12755BB3000EA7923 /* sqlcuts.app */;
			productType = "com.apple.product-type.application";
		};
/* End PBXNativeTarget section */

/* Begin PBXProject section */
		677FCDE92755BB3000EA7923 /* Project object */ = {
			isa = PBXProject;
			attributes = {
				BuildIndependentTargetsInParallel = 1;
				LastSwiftUpdateCheck = 1310;
				LastUpgradeCheck = 1310;
				TargetAttributes = {
					677FCDF02755BB3000EA7923 = {
						CreatedOnToolsVersion = 13.1;
					};
				};
			};
			buildConfigurationList = 677FCDEC2755BB3000EA7923 /* Build configuration list for PBXProject "sqlcuts" */;
			compatibilityVersion = "Xcode 13.0";
			developmentRegion = en;
			hasScannedForEncodings = 0;
			knownRegions = (
				en,
				Base,
			);
			mainGroup = 677FCDE82755BB3000EA7923;
			productRefGroup = 677FCDF22755BB3000EA7923 /* Products */;
			projectDirPath = "";
			projectRoot = "";
			targets = (
				677FCDF02755BB3000EA7923 /* sqlcuts */,
			);
		};
/* End PBXProject section */

/* Begin PBXResourcesBuildPhase section */
		677FCDEF2755BB3000EA7923 /* Resources */ = {
			isa = PBXResourcesBuildPhase;
			buildActionMask = 2147483647;
			files = (
				677FCDFC2755BB3100EA7923 /* Preview Assets.xcassets in Resources */,
				677FCDF92755BB3100EA7923 /* Assets.xcassets in Resources */,
			);
			runOnlyForDeploymentPostprocessing = 0;
		};
/* End PBXResourcesBuildPhase section */

/* Begin PBXShellScriptBuildPhase section */
		6A433E372A58C56D0EF5C0D5 /* [CP] Embed Pods Frameworks */ = {
			isa = PBXShellScriptBuildPhase;
			buildActionMask = 2147483647;
			files = (
			);
			inputFileListPaths = (
				"${PODS_ROOT}/Target Support Files/Pods-sqlcuts/Pods-sqlcuts-frameworks-${CONFIGURATION}-input-files.xcfilelist",
			);
			name = "[CP] Embed Pods Frameworks";
			outputFileListPaths = (
				"${PODS_ROOT}/Target Support Files/Pods-sqlcuts/Pods-sqlcuts-frameworks-${CONFIGURATION}-output-files.xcfilelist",
			);
			runOnlyForDeploymentPostprocessing = 0;
			shellPath = /bin/sh;
			shellScript = "\"${PODS_ROOT}/Target Support Files/Pods-sqlcuts/Pods-sqlcuts-frameworks.sh\"\n";
			showEnvVarsInLog = 0;
		};
		DE4AAA1D3C6C26B0D029E4C6 /* [CP] Check Pods Manifest.lock */ = {
			isa = PBXShellScriptBuildPhase;
			buildActionMask = 2147483647;
			files = (
			);
			inputFileListPaths = (
			);
			inputPaths = (
				"${PODS_PODFILE_DIR_PATH}/Podfile.lock",
				"${PODS_ROOT}/Manifest.lock",
			);
			name = "[CP] Check Pods Manifest.lock";
			outputFileListPaths = (
			);
			outputPaths = (
				"$(DERIVED_FILE_DIR)/Pods-sqlcuts-checkManifestLockResult.txt",
			);
			runOnlyForDeploymentPostprocessing = 0;
			shellPath = /bin/sh;
			shellScript = "diff \"${PODS_PODFILE_DIR_PATH}/Podfile.lock\" \"${PODS_ROOT}/Manifest.lock\" > /dev/null\nif [ $? != 0 ] ; then\n    # print error to STDERR\n    echo \"error: The sandbox is not in sync with the Podfile.lock. Run 'pod install' or update your CocoaPods installation.\" >&2\n    exit 1\nfi\n# This output is used by Xcode 'outputs' to avoid re-running this script phase.\necho \"SUCCESS\" > \"${SCRIPT_OUTPUT_FILE_0}\"\n";
			showEnvVarsInLog = 0;
		};
/* End PBXShellScriptBuildPhase section */

/* Begin PBXSourcesBuildPhase section */
		677FCDED2755BB3000EA7923 /* Sources */ = {
			isa = PBXSourcesBuildPhase;
			buildActionMask = 2147483647;
			files = (
				677FCE032755BB5D00EA7923 /* Intents.intentdefinition in Sources */,
				677FCDF72755BB3000EA7923 /* ContentView.swift in Sources */,
				677FCDF52755BB3000EA7923 /* sqlcutsApp.swift in Sources */,
			);
			runOnlyForDeploymentPostprocessing = 0;
		};
/* End PBXSourcesBuildPhase section */

/* Begin XCBuildConfiguration section */
		677FCDFD2755BB3100EA7923 /* Debug */ = {
			isa = XCBuildConfiguration;
			buildSettings = {
				ALWAYS_SEARCH_USER_PATHS = NO;
				CLANG_ANALYZER_NONNULL = YES;
				CLANG_ANALYZER_NUMBER_OBJECT_CONVERSION = YES_AGGRESSIVE;
				CLANG_CXX_LANGUAGE_STANDARD = "gnu++17";
				CLANG_CXX_LIBRARY = "libc++";
				CLANG_ENABLE_MODULES = YES;
				CLANG_ENABLE_OBJC_ARC = YES;
				CLANG_ENABLE_OBJC_WEAK = YES;
				CLANG_WARN_BLOCK_CAPTURE_AUTORELEASING = YES;
				CLANG_WARN_BOOL_CONVERSION = YES;
				CLANG_WARN_COMMA = YES;
				CLANG_WARN_CONSTANT_CONVERSION = YES;
				CLANG_WARN_DEPRECATED_OBJC_IMPLEMENTATIONS = YES;
				CLANG_WARN_DIRECT_OBJC_ISA_USAGE = YES_ERROR;
				CLANG_WARN_DOCUMENTATION_COMMENTS = YES;
				CLANG_WARN_EMPTY_BODY = YES;
				CLANG_WARN_ENUM_CONVERSION = YES;
				CLANG_WARN_INFINITE_RECURSION = YES;
				CLANG_WARN_INT_CONVERSION = YES;
				CLANG_WARN_NON_LITERAL_NULL_CONVERSION = YES;
				CLANG_WARN_OBJC_IMPLICIT_RETAIN_SELF = YES;
				CLANG_WARN_OBJC_LITERAL_CONVERSION = YES;
				CLANG_WARN_OBJC_ROOT_CLASS = YES_ERROR;
				CLANG_WARN_QUOTED_INCLUDE_IN_FRAMEWORK_HEADER = YES;
				CLANG_WARN_RANGE_LOOP_ANALYSIS = YES;
				CLANG_WARN_STRICT_PROTOTYPES = YES;
				CLANG_WARN_SUSPICIOUS_MOVE = YES;
				CLANG_WARN_UNGUARDED_AVAILABILITY = YES_AGGRESSIVE;
				CLANG_WARN_UNREACHABLE_CODE = YES;
				CLANG_WARN__DUPLICATE_METHOD_MATCH = YES;
				COPY_PHASE_STRIP = NO;
				DEBUG_INFORMATION_FORMAT = dwarf;
				ENABLE_STRICT_OBJC_MSGSEND = YES;
				ENABLE_TESTABILITY = YES;
				GCC_C_LANGUAGE_STANDARD = gnu11;
				GCC_DYNAMIC_NO_PIC = NO;
				GCC_NO_COMMON_BLOCKS = YES;
				GCC_OPTIMIZATION_LEVEL = 0;
				GCC_PREPROCESSOR_DEFINITIONS = (
					"DEBUG=1",
					"$(inherited)",
				);
				GCC_WARN_64_TO_32_BIT_CONVERSION = YES;
				GCC_WARN_ABOUT_RETURN_TYPE = YES_ERROR;
				GCC_WARN_UNDECLARED_SELECTOR = YES;
				GCC_WARN_UNINITIALIZED_AUTOS = YES_AGGRESSIVE;
				GCC_WARN_UNUSED_FUNCTION = YES;
				GCC_WARN_UNUSED_VARIABLE = YES;
				IPHONEOS_DEPLOYMENT_TARGET = 15.0;
				MTL_ENABLE_DEBUG_INFO = INCLUDE_SOURCE;
				MTL_FAST_MATH = YES;
				ONLY_ACTIVE_ARCH = YES;
				SDKROOT = iphoneos;
				SWIFT_ACTIVE_COMPILATION_CONDITIONS = DEBUG;
				SWIFT_OPTIMIZATION_LEVEL = "-Onone";
			};
			name = Debug;
		};
		677FCDFE2755BB3100EA7923 /* Release */ = {
			isa = XCBuildConfiguration;
			buildSettings = {
				ALWAYS_SEARCH_USER_PATHS = NO;
				CLANG_ANALYZER_NONNULL = YES;
				CLANG_ANALYZER_NUMBER_OBJECT_CONVERSION = YES_AGGRESSIVE;
				CLANG_CXX_LANGUAGE_STANDARD = "gnu++17";
				CLANG_CXX_LIBRARY = "libc++";
				CLANG_ENABLE_MODULES = YES;
				CLANG_ENABLE_OBJC_ARC = YES;
				CLANG_ENABLE_OBJC_WEAK = YES;
				CLANG_WARN_BLOCK_CAPTURE_AUTORELEASING = YES;
				CLANG_WARN_BOOL_CONVERSION = YES;
				CLANG_WARN_COMMA = YES;
				CLANG_WARN_CONSTANT_CONVERSION = YES;
				CLANG_WARN_DEPRECATED_OBJC_IMPLEMENTATIONS = YES;
				CLANG_WARN_DIRECT_OBJC_ISA_USAGE = YES_ERROR;
				CLANG_WARN_DOCUMENTATION_COMMENTS = YES;
				CLANG_WARN_EMPTY_BODY = YES;
				CLANG_WARN_ENUM_CONVERSION = YES;
				CLANG_WARN_INFINITE_RECURSION = YES;
				CLANG_WARN_INT_CONVERSION = YES;
				CLANG_WARN_NON_LITERAL_NULL_CONVERSION = YES;
				CLANG_WARN_OBJC_IMPLICIT_RETAIN_SELF = YES;
				CLANG_WARN_OBJC_LITERAL_CONVERSION = YES;
				CLANG_WARN_OBJC_ROOT_CLASS = YES_ERROR;
				CLANG_WARN_QUOTED_INCLUDE_IN_FRAMEWORK_HEADER = YES;
				CLANG_WARN_RANGE_LOOP_ANALYSIS = YES;
				CLANG_WARN_STRICT_PROTOTYPES = YES;
				CLANG_WARN_SUSPICIOUS_MOVE = YES;
				CLANG_WARN_UNGUARDED_AVAILABILITY = YES_AGGRESSIVE;
				CLANG_WARN_UNREACHABLE_CODE = YES;
				CLANG_WARN__DUPLICATE_METHOD_MATCH = YES;
				COPY_PHASE_STRIP = NO;
				DEBUG_INFORMATION_FORMAT = "dwarf-with-dsym";
				ENABLE_NS_ASSERTIONS = NO;
				ENABLE_STRICT_OBJC_MSGSEND = YES;
				GCC_C_LANGUAGE_STANDARD = gnu11;
				GCC_NO_COMMON_BLOCKS = YES;
				GCC_WARN_64_TO_32_BIT_CONVERSION = YES;
				GCC_WARN_ABOUT_RETURN_TYPE = YES_ERROR;
				GCC_WARN_UNDECLARED_SELECTOR = YES;
				GCC_WARN_UNINITIALIZED_AUTOS = YES_AGGRESSIVE;
				GCC_WARN_UNUSED_FUNCTION = YES;
				GCC_WARN_UNUSED_VARIABLE = YES;
				IPHONEOS_DEPLOYMENT_TARGET = 15.0;
				MTL_ENABLE_DEBUG_INFO = NO;
				MTL_FAST_MATH = YES;
				SDKROOT = iphoneos;
				SWIFT_COMPILATION_MODE = wholemodule;
				SWIFT_OPTIMIZATION_LEVEL = "-O";
				VALIDATE_PRODUCT = YES;
			};
			name = Release;
		};
		677FCE002755BB3100EA7923 /* Debug */ = {
			isa = XCBuildConfiguration;
			baseConfigurationReference = 29C09A6CB8DA11A43DD6D90B /* Pods-sqlcuts.debug.xcconfig */;
			buildSettings = {
				ASSETCATALOG_COMPILER_APPICON_NAME = AppIcon;
				ASSETCATALOG_COMPILER_GLOBAL_ACCENT_COLOR_NAME = AccentColor;
				CODE_SIGN_ENTITLEMENTS = sqlcuts/sqlcuts.entitlements;
				CODE_SIGN_STYLE = Automatic;
				CURRENT_PROJECT_VERSION = 1;
				DEVELOPMENT_ASSET_PATHS = "\"sqlcuts/Preview Content\"";
				DEVELOPMENT_TEAM = 4VGGD85J2F;
				ENABLE_PREVIEWS = YES;
				GENERATE_INFOPLIST_FILE = YES;
				INFOPLIST_FILE = sqlcuts/Info.plist;
				INFOPLIST_KEY_CFBundleDisplayName = sqlcuts;
				INFOPLIST_KEY_UIApplicationSceneManifest_Generation = YES;
				INFOPLIST_KEY_UIApplicationSupportsIndirectInputEvents = YES;
				INFOPLIST_KEY_UILaunchScreen_Generation = YES;
				INFOPLIST_KEY_UISupportedInterfaceOrientations_iPad = "UIInterfaceOrientationPortrait UIInterfaceOrientationPortraitUpsideDown UIInterfaceOrientationLandscapeLeft UIInterfaceOrientationLandscapeRight";
				INFOPLIST_KEY_UISupportedInterfaceOrientations_iPhone = "UIInterfaceOrientationPortrait UIInterfaceOrientationLandscapeLeft UIInterfaceOrientationLandscapeRight";
				LD_RUNPATH_SEARCH_PATHS = (
					"$(inherited)",
					"@executable_path/Frameworks",
				);
				MARKETING_VERSION = 1.0;
				PRODUCT_BUNDLE_IDENTIFIER = com.tylerdaddio.sqlcuts;
				PRODUCT_NAME = "$(TARGET_NAME)";
				SWIFT_EMIT_LOC_STRINGS = YES;
				SWIFT_VERSION = 5.0;
				TARGETED_DEVICE_FAMILY = "1,2";
			};
			name = Debug;
		};
		677FCE012755BB3100EA7923 /* Release */ = {
			isa = XCBuildConfiguration;
			baseConfigurationReference = 7CBFD5F5AB488EB46E5F7D3E /* Pods-sqlcuts.release.xcconfig */;
			buildSettings = {
				ASSETCATALOG_COMPILER_APPICON_NAME = AppIcon;
				ASSETCATALOG_COMPILER_GLOBAL_ACCENT_COLOR_NAME = AccentColor;
				CODE_SIGN_ENTITLEMENTS = sqlcuts/sqlcuts.entitlements;
				CODE_SIGN_STYLE = Automatic;
				CURRENT_PROJECT_VERSION = 1;
				DEVELOPMENT_ASSET_PATHS = "\"sqlcuts/Preview Content\"";
				DEVELOPMENT_TEAM = 4VGGD85J2F;
				ENABLE_PREVIEWS = YES;
				GENERATE_INFOPLIST_FILE = YES;
				INFOPLIST_FILE = sqlcuts/Info.plist;
				INFOPLIST_KEY_CFBundleDisplayName = sqlcuts;
				INFOPLIST_KEY_UIApplicationSceneManifest_Generation = YES;
				INFOPLIST_KEY_UIApplicationSupportsIndirectInputEvents = YES;
				INFOPLIST_KEY_UILaunchScreen_Generation = YES;
				INFOPLIST_KEY_UISupportedInterfaceOrientations_iPad = "UIInterfaceOrientationPortrait UIInterfaceOrientationPortraitUpsideDown UIInterfaceOrientationLandscapeLeft UIInterfaceOrientationLandscapeRight";
				INFOPLIST_KEY_UISupportedInterfaceOrientations_iPhone = "UIInterfaceOrientationPortrait UIInterfaceOrientationLandscapeLeft UIInterfaceOrientationLandscapeRight";
				LD_RUNPATH_SEARCH_PATHS = (
					"$(inherited)",
					"@executable_path/Frameworks",
				);
				MARKETING_VERSION = 1.0;
				PRODUCT_BUNDLE_IDENTIFIER = com.tylerdaddio.sqlcuts;
				PRODUCT_NAME = "$(TARGET_NAME)";
				SWIFT_EMIT_LOC_STRINGS = YES;
				SWIFT_VERSION = 5.0;
				TARGETED_DEVICE_FAMILY = "1,2";
			};
			name = Release;
		};
/* End XCBuildConfiguration section */

/* Begin XCConfigurationList section */
		677FCDEC2755BB3000EA7923 /* Build configuration list for PBXProject "sqlcuts" */ = {
			isa = XCConfigurationList;
			buildConfigurations = (
				677FCDFD2755BB3100EA7923 /* Debug */,
				677FCDFE2755BB3100EA7923 /* Release */,
			);
			defaultConfigurationIsVisible = 0;
			defaultConfigurationName = Release;
		};
		677FCDFF2755BB3100EA7923 /* Build configuration list for PBXNativeTarget "sqlcuts" */ = {
			isa = XCConfigurationList;
			buildConfigurations = (
				677FCE002755BB3100EA7923 /* Debug */,
				677FCE012755BB3100EA7923 /* Release */,
			);
			defaultConfigurationIsVisible = 0;
			defaultConfigurationName = Release;
		};
/* End XCConfigurationList section */
	};
	rootObject = 677FCDE92755BB3000EA7923 /* Project object */;
}
